
Microsoft Visual Studio Solution File, Format Version 12.00
# Visual Studio Version 17
VisualStudioVersion = 17.9.34616.47
MinimumVisualStudioVersion = 10.0.40219.1
Project("{FAE04EC0-301F-11D3-BF4B-00C04F79EFBC}") = "PR6.2", "PR6.2.csproj", "{9CFAB378-1834-42B9-8B4D-7AA971BEDEE1}"
EndProject
Global
	GlobalSection(SolutionConfigurationPlatforms) = preSolution
		Debug|Any CPU = Debug|Any CPU
		Release|Any CPU = Release|Any CPU
	EndGlobalSection
	GlobalSection(ProjectConfigurationPlatforms) = postSolution
		{9CFAB378-1834-42B9-8B4D-7AA971BEDEE1}.Debug|Any CPU.ActiveCfg = Debug|Any CPU
		{9CFAB378-1834-42B9-8B4D-7AA971BEDEE1}.Debug|Any CPU.Build.0 = Debug|Any CPU
		{9CFAB378-1834-42B9-8B4D-7AA971BEDEE1}.Release|Any CPU.ActiveCfg = Release|Any CPU
		{9CFAB378-1834-42B9-8B4D-7AA971BEDEE1}.Release|Any CPU.Build.0 = Release|Any CPU
	EndGlobalSection
	GlobalSection(SolutionProperties) = preSolution
		HideSolutionNode = FALSE
	EndGlobalSection
	GlobalSection(ExtensibilityGlobals) = postSolution
		SolutionGuid = {C2D668DD-3F5E-44BC-B204-9C89BF2002FB}
	EndGlobalSection
EndGlobal
